
Microsoft Visual Studio Solution File, Format Version 12.00
# Visual Studio Version 17
VisualStudioVersion = 17.5.002.0
MinimumVisualStudioVersion = 10.0.40219.1
Project("{9A19103F-16F7-4668-BE54-9A1E7A4F7556}") = "ProjetosClientes", "ProjetosClientes.csproj", "{1831E707-6AE7-4F33-8E14-FDF457D8EB3D}"
EndProject
Global
	GlobalSection(SolutionConfigurationPlatforms) = preSolution
		Debug|Any CPU = Debug|Any CPU
		Release|Any CPU = Release|Any CPU
	EndGlobalSection
	GlobalSection(ProjectConfigurationPlatforms) = postSolution
		{1831E707-6AE7-4F33-8E14-FDF457D8EB3D}.Debug|Any CPU.ActiveCfg = Debug|Any CPU
		{1831E707-6AE7-4F33-8E14-FDF457D8EB3D}.Debug|Any CPU.Build.0 = Debug|Any CPU
		{1831E707-6AE7-4F33-8E14-FDF457D8EB3D}.Release|Any CPU.ActiveCfg = Release|Any CPU
		{1831E707-6AE7-4F33-8E14-FDF457D8EB3D}.Release|Any CPU.Build.0 = Release|Any CPU
	EndGlobalSection
	GlobalSection(SolutionProperties) = preSolution
		HideSolutionNode = FALSE
	EndGlobalSection
	GlobalSection(ExtensibilityGlobals) = postSolution
		SolutionGuid = {72E1E856-7D25-49D5-9A9F-6768E74C4C15}
	EndGlobalSection
EndGlobal
